// !$*UTF8*$!
{
	archiveVersion = 1;
	classes = {
	};
	objectVersion = 46;
	objects = {

/* Begin PBXBuildFile section */
		A615036D1BE1F76300777F6F /* AppDelegate.swift in Sources */ = {isa = PBXBuildFile; fileRef = A615036C1BE1F76300777F6F /* AppDelegate.swift */; };
		A615036F1BE1F76300777F6F /* HomeViewController.swift in Sources */ = {isa = PBXBuildFile; fileRef = A615036E1BE1F76300777F6F /* HomeViewController.swift */; };
		A61503721BE1F76300777F6F /* Main.storyboard in Resources */ = {isa = PBXBuildFile; fileRef = A61503701BE1F76300777F6F /* Main.storyboard */; };
		A61503741BE1F76300777F6F /* Assets.xcassets in Resources */ = {isa = PBXBuildFile; fileRef = A61503731BE1F76300777F6F /* Assets.xcassets */; };
		A61503771BE1F76300777F6F /* LaunchScreen.storyboard in Resources */ = {isa = PBXBuildFile; fileRef = A61503751BE1F76300777F6F /* LaunchScreen.storyboard */; };
		A61503831BE1F83000777F6F /* Constant.swift in Sources */ = {isa = PBXBuildFile; fileRef = A61503821BE1F83000777F6F /* Constant.swift */; };
		A61503A71BE2162600777F6F /* SearchViewController.swift in Sources */ = {isa = PBXBuildFile; fileRef = A61503A61BE2162600777F6F /* SearchViewController.swift */; };
		A61503A91BE217AB00777F6F /* FindViewController.swift in Sources */ = {isa = PBXBuildFile; fileRef = A61503A81BE217AB00777F6F /* FindViewController.swift */; };
		A61503AB1BE217B500777F6F /* MsgViewController.swift in Sources */ = {isa = PBXBuildFile; fileRef = A61503AA1BE217B500777F6F /* MsgViewController.swift */; };
		A61503AD1BE217BF00777F6F /* PublishViewController.swift in Sources */ = {isa = PBXBuildFile; fileRef = A61503AC1BE217BF00777F6F /* PublishViewController.swift */; };
		A61503AF1BE217C900777F6F /* MineViewController.swift in Sources */ = {isa = PBXBuildFile; fileRef = A61503AE1BE217C900777F6F /* MineViewController.swift */; };
		A61503B11BE2189300777F6F /* BaseViewController.swift in Sources */ = {isa = PBXBuildFile; fileRef = A61503B01BE2189300777F6F /* BaseViewController.swift */; };
		A63295E01BE26868006D6282 /* HomeIconCollectionViewCell.swift in Sources */ = {isa = PBXBuildFile; fileRef = A63295DF1BE26868006D6282 /* HomeIconCollectionViewCell.swift */; };
		A63295E21BE26E69006D6282 /* HomeIconHeaderCollectionReusableView.swift in Sources */ = {isa = PBXBuildFile; fileRef = A63295E11BE26E69006D6282 /* HomeIconHeaderCollectionReusableView.swift */; };
		A63295E41BE2714F006D6282 /* HomeIconFooterCollectionReusableView.swift in Sources */ = {isa = PBXBuildFile; fileRef = A63295E31BE2714F006D6282 /* HomeIconFooterCollectionReusableView.swift */; };
		A63295E61BE70992006D6282 /* SettingTableViewCell.swift in Sources */ = {isa = PBXBuildFile; fileRef = A63295E51BE70992006D6282 /* SettingTableViewCell.swift */; };
		A63295EA1BE70A9E006D6282 /* 1.jpg in Resources */ = {isa = PBXBuildFile; fileRef = A63295E91BE70A9E006D6282 /* 1.jpg */; };
		A63295EC1BE75A9C006D6282 /* YMTApi.swift in Sources */ = {isa = PBXBuildFile; fileRef = A63295EB1BE75A9C006D6282 /* YMTApi.swift */; };
/* End PBXBuildFile section */

/* Begin PBXFileReference section */
		A61503691BE1F76300777F6F /* Yimutian.app */ = {isa = PBXFileReference; explicitFileType = wrapper.application; includeInIndex = 0; path = Yimutian.app; sourceTree = BUILT_PRODUCTS_DIR; };
		A615036C1BE1F76300777F6F /* AppDelegate.swift */ = {isa = PBXFileReference; lastKnownFileType = sourcecode.swift; path = AppDelegate.swift; sourceTree = "<group>"; };
		A615036E1BE1F76300777F6F /* HomeViewController.swift */ = {isa = PBXFileReference; lastKnownFileType = sourcecode.swift; path = HomeViewController.swift; sourceTree = "<group>"; };
		A61503711BE1F76300777F6F /* Base */ = {isa = PBXFileReference; lastKnownFileType = file.storyboard; name = Base; path = Base.lproj/Main.storyboard; sourceTree = "<group>"; };
		A61503731BE1F76300777F6F /* Assets.xcassets */ = {isa = PBXFileReference; lastKnownFileType = folder.assetcatalog; path = Assets.xcassets; sourceTree = "<group>"; };
		A61503761BE1F76300777F6F /* Base */ = {isa = PBXFileReference; lastKnownFileType = file.storyboard; name = Base; path = Base.lproj/LaunchScreen.storyboard; sourceTree = "<group>"; };
		A61503781BE1F76300777F6F /* Info.plist */ = {isa = PBXFileReference; lastKnownFileType = text.plist.xml; path = Info.plist; sourceTree = "<group>"; };
		A61503821BE1F83000777F6F /* Constant.swift */ = {isa = PBXFileReference; fileEncoding = 4; lastKnownFileType = sourcecode.swift; path = Constant.swift; sourceTree = "<group>"; };
		A61503A61BE2162600777F6F /* SearchViewController.swift */ = {isa = PBXFileReference; fileEncoding = 4; lastKnownFileType = sourcecode.swift; path = SearchViewController.swift; sourceTree = "<group>"; };
		A61503A81BE217AB00777F6F /* FindViewController.swift */ = {isa = PBXFileReference; fileEncoding = 4; lastKnownFileType = sourcecode.swift; path = FindViewController.swift; sourceTree = "<group>"; };
		A61503AA1BE217B500777F6F /* MsgViewController.swift */ = {isa = PBXFileReference; fileEncoding = 4; lastKnownFileType = sourcecode.swift; path = MsgViewController.swift; sourceTree = "<group>"; };
		A61503AC1BE217BF00777F6F /* PublishViewController.swift */ = {isa = PBXFileReference; fileEncoding = 4; lastKnownFileType = sourcecode.swift; path = PublishViewController.swift; sourceTree = "<group>"; };
		A61503AE1BE217C900777F6F /* MineViewController.swift */ = {isa = PBXFileReference; fileEncoding = 4; lastKnownFileType = sourcecode.swift; path = MineViewController.swift; sourceTree = "<group>"; };
		A61503B01BE2189300777F6F /* BaseViewController.swift */ = {isa = PBXFileReference; fileEncoding = 4; lastKnownFileType = sourcecode.swift; path = BaseViewController.swift; sourceTree = "<group>"; };
		A63295DF1BE26868006D6282 /* HomeIconCollectionViewCell.swift */ = {isa = PBXFileReference; fileEncoding = 4; lastKnownFileType = sourcecode.swift; path = HomeIconCollectionViewCell.swift; sourceTree = "<group>"; };
		A63295E11BE26E69006D6282 /* HomeIconHeaderCollectionReusableView.swift */ = {isa = PBXFileReference; fileEncoding = 4; lastKnownFileType = sourcecode.swift; path = HomeIconHeaderCollectionReusableView.swift; sourceTree = "<group>"; };
		A63295E31BE2714F006D6282 /* HomeIconFooterCollectionReusableView.swift */ = {isa = PBXFileReference; fileEncoding = 4; lastKnownFileType = sourcecode.swift; path = HomeIconFooterCollectionReusableView.swift; sourceTree = "<group>"; };
		A63295E51BE70992006D6282 /* SettingTableViewCell.swift */ = {isa = PBXFileReference; fileEncoding = 4; lastKnownFileType = sourcecode.swift; path = SettingTableViewCell.swift; sourceTree = "<group>"; };
		A63295E91BE70A9E006D6282 /* 1.jpg */ = {isa = PBXFileReference; lastKnownFileType = image.jpeg; path = 1.jpg; sourceTree = "<group>"; };
		A63295EB1BE75A9C006D6282 /* YMTApi.swift */ = {isa = PBXFileReference; fileEncoding = 4; lastKnownFileType = sourcecode.swift; path = YMTApi.swift; sourceTree = "<group>"; };
/* End PBXFileReference section */

/* Begin PBXFrameworksBuildPhase section */
		A61503661BE1F76300777F6F /* Frameworks */ = {
			isa = PBXFrameworksBuildPhase;
			buildActionMask = 2147483647;
			files = (
			);
			runOnlyForDeploymentPostprocessing = 0;
		};
/* End PBXFrameworksBuildPhase section */

/* Begin PBXGroup section */
		A61503601BE1F76300777F6F = {
			isa = PBXGroup;
			children = (
				A615036B1BE1F76300777F6F /* Yimutian */,
				A615036A1BE1F76300777F6F /* Products */,
			);
			sourceTree = "<group>";
		};
		A615036A1BE1F76300777F6F /* Products */ = {
			isa = PBXGroup;
			children = (
				A61503691BE1F76300777F6F /* Yimutian.app */,
			);
			name = Products;
			sourceTree = "<group>";
		};
		A615036B1BE1F76300777F6F /* Yimutian */ = {
			isa = PBXGroup;
			children = (
				A615036C1BE1F76300777F6F /* AppDelegate.swift */,
				A61503701BE1F76300777F6F /* Main.storyboard */,
				A61503751BE1F76300777F6F /* LaunchScreen.storyboard */,
				A61503801BE1F78800777F6F /* Model */,
				A61503811BE1F79000777F6F /* View */,
				A615037E1BE1F77300777F6F /* ViewController */,
				A63295E71BE70A75006D6282 /* Resource */,
				A61503731BE1F76300777F6F /* Assets.xcassets */,
				A61503781BE1F76300777F6F /* Info.plist */,
			);
			path = Yimutian;
			sourceTree = "<group>";
		};
		A615037E1BE1F77300777F6F /* ViewController */ = {
			isa = PBXGroup;
			children = (
				A615036E1BE1F76300777F6F /* HomeViewController.swift */,
				A61503A61BE2162600777F6F /* SearchViewController.swift */,
				A61503A81BE217AB00777F6F /* FindViewController.swift */,
				A61503AA1BE217B500777F6F /* MsgViewController.swift */,
				A61503AC1BE217BF00777F6F /* PublishViewController.swift */,
				A61503AE1BE217C900777F6F /* MineViewController.swift */,
				A61503B01BE2189300777F6F /* BaseViewController.swift */,
			);
			name = ViewController;
			sourceTree = "<group>";
		};
		A61503801BE1F78800777F6F /* Model */ = {
			isa = PBXGroup;
			children = (
				A61503821BE1F83000777F6F /* Constant.swift */,
				A63295EB1BE75A9C006D6282 /* YMTApi.swift */,
			);
			name = Model;
			sourceTree = "<group>";
		};
		A61503811BE1F79000777F6F /* View */ = {
			isa = PBXGroup;
			children = (
				A63295DF1BE26868006D6282 /* HomeIconCollectionViewCell.swift */,
				A63295E11BE26E69006D6282 /* HomeIconHeaderCollectionReusableView.swift */,
				A63295E31BE2714F006D6282 /* HomeIconFooterCollectionReusableView.swift */,
				A63295E51BE70992006D6282 /* SettingTableViewCell.swift */,
			);
			name = View;
			sourceTree = "<group>";
		};
		A63295E71BE70A75006D6282 /* Resource */ = {
			isa = PBXGroup;
			children = (
				A63295E81BE70A9E006D6282 /* Image */,
			);
			name = Resource;
			sourceTree = "<group>";
		};
		A63295E81BE70A9E006D6282 /* Image */ = {
			isa = PBXGroup;
			children = (
				A63295E91BE70A9E006D6282 /* 1.jpg */,
			);
			path = Image;
			sourceTree = "<group>";
		};
/* End PBXGroup section */

/* Begin PBXNativeTarget section */
		A61503681BE1F76300777F6F /* Yimutian */ = {
			isa = PBXNativeTarget;
			buildConfigurationList = A615037B1BE1F76300777F6F /* Build configuration list for PBXNativeTarget "Yimutian" */;
			buildPhases = (
				A61503651BE1F76300777F6F /* Sources */,
				A61503661BE1F76300777F6F /* Frameworks */,
				A61503671BE1F76300777F6F /* Resources */,
			);
			buildRules = (
			);
			dependencies = (
			);
			name = Yimutian;
			productName = Yimutian;
			productReference = A61503691BE1F76300777F6F /* Yimutian.app */;
			productType = "com.apple.product-type.application";
		};
/* End PBXNativeTarget section */

/* Begin PBXProject section */
		A61503611BE1F76300777F6F /* Project object */ = {
			isa = PBXProject;
			attributes = {
				LastSwiftUpdateCheck = 0710;
				LastUpgradeCheck = 0710;
				ORGANIZATIONNAME = LLZ;
				TargetAttributes = {
					A61503681BE1F76300777F6F = {
						CreatedOnToolsVersion = 7.1;
					};
				};
			};
			buildConfigurationList = A61503641BE1F76300777F6F /* Build configuration list for PBXProject "Yimutian" */;
			compatibilityVersion = "Xcode 3.2";
			developmentRegion = English;
			hasScannedForEncodings = 0;
			knownRegions = (
				en,
				Base,
			);
			mainGroup = A61503601BE1F76300777F6F;
			productRefGroup = A615036A1BE1F76300777F6F /* Products */;
			projectDirPath = "";
			projectRoot = "";
			targets = (
				A61503681BE1F76300777F6F /* Yimutian */,
			);
		};
/* End PBXProject section */

/* Begin PBXResourcesBuildPhase section */
		A61503671BE1F76300777F6F /* Resources */ = {
			isa = PBXResourcesBuildPhase;
			buildActionMask = 2147483647;
			files = (
				A61503771BE1F76300777F6F /* LaunchScreen.storyboard in Resources */,
				A63295EA1BE70A9E006D6282 /* 1.jpg in Resources */,
				A61503741BE1F76300777F6F /* Assets.xcassets in Resources */,
				A61503721BE1F76300777F6F /* Main.storyboard in Resources */,
			);
			runOnlyForDeploymentPostprocessing = 0;
		};
/* End PBXResourcesBuildPhase section */

/* Begin PBXSourcesBuildPhase section */
		A61503651BE1F76300777F6F /* Sources */ = {
			isa = PBXSourcesBuildPhase;
			buildActionMask = 2147483647;
			files = (
				A61503AB1BE217B500777F6F /* MsgViewController.swift in Sources */,
				A61503A91BE217AB00777F6F /* FindViewController.swift in Sources */,
				A63295E01BE26868006D6282 /* HomeIconCollectionViewCell.swift in Sources */,
				A615036F1BE1F76300777F6F /* HomeViewController.swift in Sources */,
				A63295E41BE2714F006D6282 /* HomeIconFooterCollectionReusableView.swift in Sources */,
				A63295EC1BE75A9C006D6282 /* YMTApi.swift in Sources */,
				A61503AF1BE217C900777F6F /* MineViewController.swift in Sources */,
				A615036D1BE1F76300777F6F /* AppDelegate.swift in Sources */,
				A61503B11BE2189300777F6F /* BaseViewController.swift in Sources */,
				A63295E61BE70992006D6282 /* SettingTableViewCell.swift in Sources */,
				A61503A71BE2162600777F6F /* SearchViewController.swift in Sources */,
				A63295E21BE26E69006D6282 /* HomeIconHeaderCollectionReusableView.swift in Sources */,
				A61503AD1BE217BF00777F6F /* PublishViewController.swift in Sources */,
				A61503831BE1F83000777F6F /* Constant.swift in Sources */,
			);
			runOnlyForDeploymentPostprocessing = 0;
		};
/* End PBXSourcesBuildPhase section */

/* Begin PBXVariantGroup section */
		A61503701BE1F76300777F6F /* Main.storyboard */ = {
			isa = PBXVariantGroup;
			children = (
				A61503711BE1F76300777F6F /* Base */,
			);
			name = Main.storyboard;
			sourceTree = "<group>";
		};
		A61503751BE1F76300777F6F /* LaunchScreen.storyboard */ = {
			isa = PBXVariantGroup;
			children = (
				A61503761BE1F76300777F6F /* Base */,
			);
			name = LaunchScreen.storyboard;
			sourceTree = "<group>";
		};
/* End PBXVariantGroup section */

/* Begin XCBuildConfiguration section */
		A61503791BE1F76300777F6F /* Debug */ = {
			isa = XCBuildConfiguration;
			buildSettings = {
				ALWAYS_SEARCH_USER_PATHS = NO;
				CLANG_CXX_LANGUAGE_STANDARD = "gnu++0x";
				CLANG_CXX_LIBRARY = "libc++";
				CLANG_ENABLE_MODULES = YES;
				CLANG_ENABLE_OBJC_ARC = YES;
				CLANG_WARN_BOOL_CONVERSION = YES;
				CLANG_WARN_CONSTANT_CONVERSION = YES;
				CLANG_WARN_DIRECT_OBJC_ISA_USAGE = YES_ERROR;
				CLANG_WARN_EMPTY_BODY = YES;
				CLANG_WARN_ENUM_CONVERSION = YES;
				CLANG_WARN_INT_CONVERSION = YES;
				CLANG_WARN_OBJC_ROOT_CLASS = YES_ERROR;
				CLANG_WARN_UNREACHABLE_CODE = YES;
				CLANG_WARN__DUPLICATE_METHOD_MATCH = YES;
				"CODE_SIGN_IDENTITY[sdk=iphoneos*]" = "iPhone Developer";
				COPY_PHASE_STRIP = NO;
				DEBUG_INFORMATION_FORMAT = dwarf;
				ENABLE_STRICT_OBJC_MSGSEND = YES;
				ENABLE_TESTABILITY = YES;
				GCC_C_LANGUAGE_STANDARD = gnu99;
				GCC_DYNAMIC_NO_PIC = NO;
				GCC_NO_COMMON_BLOCKS = YES;
				GCC_OPTIMIZATION_LEVEL = 0;
				GCC_PREPROCESSOR_DEFINITIONS = (
					"DEBUG=1",
					"$(inherited)",
				);
				GCC_WARN_64_TO_32_BIT_CONVERSION = YES;
				GCC_WARN_ABOUT_RETURN_TYPE = YES_ERROR;
				GCC_WARN_UNDECLARED_SELECTOR = YES;
				GCC_WARN_UNINITIALIZED_AUTOS = YES_AGGRESSIVE;
				GCC_WARN_UNUSED_FUNCTION = YES;
				GCC_WARN_UNUSED_VARIABLE = YES;
				IPHONEOS_DEPLOYMENT_TARGET = 9.1;
				MTL_ENABLE_DEBUG_INFO = YES;
				ONLY_ACTIVE_ARCH = YES;
				SDKROOT = iphoneos;
				SWIFT_OPTIMIZATION_LEVEL = "-Onone";
			};
			name = Debug;
		};
		A615037A1BE1F76300777F6F /* Release */ = {
			isa = XCBuildConfiguration;
			buildSettings = {
				ALWAYS_SEARCH_USER_PATHS = NO;
				CLANG_CXX_LANGUAGE_STANDARD = "gnu++0x";
				CLANG_CXX_LIBRARY = "libc++";
				CLANG_ENABLE_MODULES = YES;
				CLANG_ENABLE_OBJC_ARC = YES;
				CLANG_WARN_BOOL_CONVERSION = YES;
				CLANG_WARN_CONSTANT_CONVERSION = YES;
				CLANG_WARN_DIRECT_OBJC_ISA_USAGE = YES_ERROR;
				CLANG_WARN_EMPTY_BODY = YES;
				CLANG_WARN_ENUM_CONVERSION = YES;
				CLANG_WARN_INT_CONVERSION = YES;
				CLANG_WARN_OBJC_ROOT_CLASS = YES_ERROR;
				CLANG_WARN_UNREACHABLE_CODE = YES;
				CLANG_WARN__DUPLICATE_METHOD_MATCH = YES;
				"CODE_SIGN_IDENTITY[sdk=iphoneos*]" = "iPhone Developer";
				COPY_PHASE_STRIP = NO;
				DEBUG_INFORMATION_FORMAT = "dwarf-with-dsym";
				ENABLE_NS_ASSERTIONS = NO;
				ENABLE_STRICT_OBJC_MSGSEND = YES;
				GCC_C_LANGUAGE_STANDARD = gnu99;
				GCC_NO_COMMON_BLOCKS = YES;
				GCC_WARN_64_TO_32_BIT_CONVERSION = YES;
				GCC_WARN_ABOUT_RETURN_TYPE = YES_ERROR;
				GCC_WARN_UNDECLARED_SELECTOR = YES;
				GCC_WARN_UNINITIALIZED_AUTOS = YES_AGGRESSIVE;
				GCC_WARN_UNUSED_FUNCTION = YES;
				GCC_WARN_UNUSED_VARIABLE = YES;
				IPHONEOS_DEPLOYMENT_TARGET = 9.1;
				MTL_ENABLE_DEBUG_INFO = NO;
				SDKROOT = iphoneos;
				VALIDATE_PRODUCT = YES;
			};
			name = Release;
		};
		A615037C1BE1F76300777F6F /* Debug */ = {
			isa = XCBuildConfiguration;
			buildSettings = {
				ASSETCATALOG_COMPILER_APPICON_NAME = AppIcon;
				INFOPLIST_FILE = Yimutian/Info.plist;
				LD_RUNPATH_SEARCH_PATHS = "$(inherited) @executable_path/Frameworks";
				OTHER_SWIFT_FLAGS = "-D DEBUG";
				PRODUCT_BUNDLE_IDENTIFIER = LLZ.Yimutian;
				PRODUCT_NAME = "$(TARGET_NAME)";
			};
			name = Debug;
		};
		A615037D1BE1F76300777F6F /* Release */ = {
			isa = XCBuildConfiguration;
			buildSettings = {
				ASSETCATALOG_COMPILER_APPICON_NAME = AppIcon;
				INFOPLIST_FILE = Yimutian/Info.plist;
				LD_RUNPATH_SEARCH_PATHS = "$(inherited) @executable_path/Frameworks";
				PRODUCT_BUNDLE_IDENTIFIER = LLZ.Yimutian;
				PRODUCT_NAME = "$(TARGET_NAME)";
			};
			name = Release;
		};
/* End XCBuildConfiguration section */

/* Begin XCConfigurationList section */
		A61503641BE1F76300777F6F /* Build configuration list for PBXProject "Yimutian" */ = {
			isa = XCConfigurationList;
			buildConfigurations = (
				A61503791BE1F76300777F6F /* Debug */,
				A615037A1BE1F76300777F6F /* Release */,
			);
			defaultConfigurationIsVisible = 0;
			defaultConfigurationName = Release;
		};
		A615037B1BE1F76300777F6F /* Build configuration list for PBXNativeTarget "Yimutian" */ = {
			isa = XCConfigurationList;
			buildConfigurations = (
				A615037C1BE1F76300777F6F /* Debug */,
				A615037D1BE1F76300777F6F /* Release */,
			);
			defaultConfigurationIsVisible = 0;
			defaultConfigurationName = Release;
		};
/* End XCConfigurationList section */
	};
	rootObject = A61503611BE1F76300777F6F /* Project object */;
}
